// !$*UTF8*$!
{
	archiveVersion = 1;
	classes = {
	};
	objectVersion = 46;
	objects = {

/* Begin PBXBuildFile section */
		EB2E94501857795B00D78A1E /* Cell.m in Sources */ = {isa = PBXBuildFile; fileRef = EB2E944F1857795B00D78A1E /* Cell.m */; };
		EB46C7EE1855F94400A935AA /* Foundation.framework in Frameworks */ = {isa = PBXBuildFile; fileRef = EB46C7ED1855F94400A935AA /* Foundation.framework */; };
		EB46C7F01855F94400A935AA /* CoreGraphics.framework in Frameworks */ = {isa = PBXBuildFile; fileRef = EB46C7EF1855F94400A935AA /* CoreGraphics.framework */; };
		EB46C7F21855F94400A935AA /* UIKit.framework in Frameworks */ = {isa = PBXBuildFile; fileRef = EB46C7F11855F94400A935AA /* UIKit.framework */; };
		EB46C7F41855F94400A935AA /* SpriteKit.framework in Frameworks */ = {isa = PBXBuildFile; fileRef = EB46C7F31855F94400A935AA /* SpriteKit.framework */; };
		EB46C7FA1855F94400A935AA /* InfoPlist.strings in Resources */ = {isa = PBXBuildFile; fileRef = EB46C7F81855F94400A935AA /* InfoPlist.strings */; };
		EB46C7FC1855F94400A935AA /* main.m in Sources */ = {isa = PBXBuildFile; fileRef = EB46C7FB1855F94400A935AA /* main.m */; };
		EB46C8001855F94400A935AA /* AppDelegate.m in Sources */ = {isa = PBXBuildFile; fileRef = EB46C7FF1855F94400A935AA /* AppDelegate.m */; };
		EB46C8031855F94400A935AA /* Main.storyboard in Resources */ = {isa = PBXBuildFile; fileRef = EB46C8011855F94400A935AA /* Main.storyboard */; };
		EB46C8061855F94400A935AA /* GameViewController.m in Sources */ = {isa = PBXBuildFile; fileRef = EB46C8051855F94400A935AA /* GameViewController.m */; };
		EB46C8091855F94400A935AA /* InGameScene.m in Sources */ = {isa = PBXBuildFile; fileRef = EB46C8081855F94400A935AA /* InGameScene.m */; };
		EB46C80D1855F94400A935AA /* Images.xcassets in Resources */ = {isa = PBXBuildFile; fileRef = EB46C80C1855F94400A935AA /* Images.xcassets */; };
		EB46C8141855F94400A935AA /* XCTest.framework in Frameworks */ = {isa = PBXBuildFile; fileRef = EB46C8131855F94400A935AA /* XCTest.framework */; };
		EB46C8151855F94400A935AA /* Foundation.framework in Frameworks */ = {isa = PBXBuildFile; fileRef = EB46C7ED1855F94400A935AA /* Foundation.framework */; };
		EB46C8161855F94400A935AA /* UIKit.framework in Frameworks */ = {isa = PBXBuildFile; fileRef = EB46C7F11855F94400A935AA /* UIKit.framework */; };
		EB46C81E1855F94400A935AA /* InfoPlist.strings in Resources */ = {isa = PBXBuildFile; fileRef = EB46C81C1855F94400A935AA /* InfoPlist.strings */; };
		EB46C8201855F94400A935AA /* CellDefenceTests.m in Sources */ = {isa = PBXBuildFile; fileRef = EB46C81F1855F94400A935AA /* CellDefenceTests.m */; };
		EB46C82B185600AC00A935AA /* Microbe.m in Sources */ = {isa = PBXBuildFile; fileRef = EB46C82A185600AC00A935AA /* Microbe.m */; };
		EB46C855185648DB00A935AA /* Object.m in Sources */ = {isa = PBXBuildFile; fileRef = EB46C854185648DB00A935AA /* Object.m */; };
		EB72C7871861C88F00ED6700 /* KiiSDK.framework in Frameworks */ = {isa = PBXBuildFile; fileRef = EB72C7861861C88F00ED6700 /* KiiSDK.framework */; };
		EB72C7891861C8C000ED6700 /* MobileCoreServices.framework in Frameworks */ = {isa = PBXBuildFile; fileRef = EB72C7881861C8C000ED6700 /* MobileCoreServices.framework */; };
		EB72C78B1861C8E700ED6700 /* Accounts.framework in Frameworks */ = {isa = PBXBuildFile; fileRef = EB72C78A1861C8E700ED6700 /* Accounts.framework */; };
		EB72C78D1861C90900ED6700 /* Twitter.framework in Frameworks */ = {isa = PBXBuildFile; fileRef = EB72C78C1861C90900ED6700 /* Twitter.framework */; };
		EB72C8111861C9F100ED6700 /* .gitignore in Resources */ = {isa = PBXBuildFile; fileRef = EB72C78F1861C9F100ED6700 /* .gitignore */; };
		EB72C8121861C9F100ED6700 /* doc_creation.sh in Resources */ = {isa = PBXBuildFile; fileRef = EB72C7911861C9F100ED6700 /* doc_creation.sh */; };
		EB72C8131861C9F100ED6700 /* NSArray+KTUtilities.html in Resources */ = {isa = PBXBuildFile; fileRef = EB72C7941861C9F100ED6700 /* NSArray+KTUtilities.html */; };
		EB72C8141861C9F100ED6700 /* NSDate+KTUtilities.html in Resources */ = {isa = PBXBuildFile; fileRef = EB72C7951861C9F100ED6700 /* NSDate+KTUtilities.html */; };
		EB72C8151861C9F100ED6700 /* NSMutableArray+KTUtilities.html in Resources */ = {isa = PBXBuildFile; fileRef = EB72C7961861C9F100ED6700 /* NSMutableArray+KTUtilities.html */; };
		EB72C8161861C9F100ED6700 /* NSString+KTUtilities.html in Resources */ = {isa = PBXBuildFile; fileRef = EB72C7971861C9F100ED6700 /* NSString+KTUtilities.html */; };
		EB72C8171861C9F100ED6700 /* UIColor+KTUtilities.html in Resources */ = {isa = PBXBuildFile; fileRef = EB72C7981861C9F100ED6700 /* UIColor+KTUtilities.html */; };
		EB72C8181861C9F100ED6700 /* UIImage+KTUtilities.html in Resources */ = {isa = PBXBuildFile; fileRef = EB72C7991861C9F100ED6700 /* UIImage+KTUtilities.html */; };
		EB72C8191861C9F100ED6700 /* UIView+KTUtilities.html in Resources */ = {isa = PBXBuildFile; fileRef = EB72C79A1861C9F100ED6700 /* UIView+KTUtilities.html */; };
		EB72C81A1861C9F100ED6700 /* KTAlert.html in Resources */ = {isa = PBXBuildFile; fileRef = EB72C79C1861C9F100ED6700 /* KTAlert.html */; };
		EB72C81B1861C9F100ED6700 /* KTAlertBar.html in Resources */ = {isa = PBXBuildFile; fileRef = EB72C79D1861C9F100ED6700 /* KTAlertBar.html */; };
		EB72C81C1861C9F100ED6700 /* KTAlertToast.html in Resources */ = {isa = PBXBuildFile; fileRef = EB72C79E1861C9F100ED6700 /* KTAlertToast.html */; };
		EB72C81D1861C9F100ED6700 /* KTAppRater.html in Resources */ = {isa = PBXBuildFile; fileRef = EB72C79F1861C9F100ED6700 /* KTAppRater.html */; };
		EB72C81E1861C9F100ED6700 /* KTButton.html in Resources */ = {isa = PBXBuildFile; fileRef = EB72C7A01861C9F100ED6700 /* KTButton.html */; };
		EB72C81F1861C9F100ED6700 /* KTCircularProgressIndicator.html in Resources */ = {isa = PBXBuildFile; fileRef = EB72C7A11861C9F100ED6700 /* KTCircularProgressIndicator.html */; };
		EB72C8201861C9F100ED6700 /* KTDevice.html in Resources */ = {isa = PBXBuildFile; fileRef = EB72C7A21861C9F100ED6700 /* KTDevice.html */; };
		EB72C8211861C9F100ED6700 /* KTForgotPasswordViewController.html in Resources */ = {isa = PBXBuildFile; fileRef = EB72C7A31861C9F100ED6700 /* KTForgotPasswordViewController.html */; };
		EB72C8221861C9F100ED6700 /* KTImageView.html in Resources */ = {isa = PBXBuildFile; fileRef = EB72C7A41861C9F100ED6700 /* KTImageView.html */; };
		EB72C8231861C9F100ED6700 /* KTLoader.html in Resources */ = {isa = PBXBuildFile; fileRef = EB72C7A51861C9F100ED6700 /* KTLoader.html */; };
		EB72C8241861C9F100ED6700 /* KTLoginViewController.html in Resources */ = {isa = PBXBuildFile; fileRef = EB72C7A61861C9F100ED6700 /* KTLoginViewController.html */; };
		EB72C8251861C9F100ED6700 /* KTNetworkingUtilities.html in Resources */ = {isa = PBXBuildFile; fileRef = EB72C7A71861C9F100ED6700 /* KTNetworkingUtilities.html */; };
		EB72C8261861C9F100ED6700 /* KTProgressIndicator.html in Resources */ = {isa = PBXBuildFile; fileRef = EB72C7A81861C9F100ED6700 /* KTProgressIndicator.html */; };
		EB72C8271861C9F100ED6700 /* KTRegistrationViewController.html in Resources */ = {isa = PBXBuildFile; fileRef = EB72C7A91861C9F100ED6700 /* KTRegistrationViewController.html */; };
		EB72C8281861C9F100ED6700 /* KTTableViewController.html in Resources */ = {isa = PBXBuildFile; fileRef = EB72C7AA1861C9F100ED6700 /* KTTableViewController.html */; };
		EB72C8291861C9F100ED6700 /* KTTextField.html in Resources */ = {isa = PBXBuildFile; fileRef = EB72C7AB1861C9F100ED6700 /* KTTextField.html */; };
		EB72C82A1861C9F100ED6700 /* styles.css in Resources */ = {isa = PBXBuildFile; fileRef = EB72C7AD1861C9F100ED6700 /* styles.css */; };
		EB72C82B1861C9F100ED6700 /* stylesPrint.css in Resources */ = {isa = PBXBuildFile; fileRef = EB72C7AE1861C9F100ED6700 /* stylesPrint.css */; };
		EB72C82C1861C9F100ED6700 /* hierarchy.html in Resources */ = {isa = PBXBuildFile; fileRef = EB72C7AF1861C9F100ED6700 /* hierarchy.html */; };
		EB72C82D1861C9F100ED6700 /* button_bar_background.png in Resources */ = {isa = PBXBuildFile; fileRef = EB72C7B11861C9F100ED6700 /* button_bar_background.png */; };
		EB72C82E1861C9F100ED6700 /* disclosure.png in Resources */ = {isa = PBXBuildFile; fileRef = EB72C7B21861C9F100ED6700 /* disclosure.png */; };
		EB72C82F1861C9F100ED6700 /* disclosure_open.png in Resources */ = {isa = PBXBuildFile; fileRef = EB72C7B31861C9F100ED6700 /* disclosure_open.png */; };
		EB72C8301861C9F100ED6700 /* library_background.png in Resources */ = {isa = PBXBuildFile; fileRef = EB72C7B41861C9F100ED6700 /* library_background.png */; };
		EB72C8311861C9F100ED6700 /* title_background.png in Resources */ = {isa = PBXBuildFile; fileRef = EB72C7B51861C9F100ED6700 /* title_background.png */; };
		EB72C8321861C9F100ED6700 /* index.html in Resources */ = {isa = PBXBuildFile; fileRef = EB72C7B61861C9F100ED6700 /* index.html */; };
		EB72C8331861C9F100ED6700 /* KTLoginViewDelegate.html in Resources */ = {isa = PBXBuildFile; fileRef = EB72C7B81861C9F100ED6700 /* KTLoginViewDelegate.html */; };
		EB72C8341861C9F100ED6700 /* KTTableViewDelegate.html in Resources */ = {isa = PBXBuildFile; fileRef = EB72C7B91861C9F100ED6700 /* KTTableViewDelegate.html */; };
		EB72C8351861C9F100ED6700 /* KiiToolkit.podspec in Resources */ = {isa = PBXBuildFile; fileRef = EB72C7BB1861C9F100ED6700 /* KiiToolkit.podspec */; };
		EB72C8361861C9F100ED6700 /* KTAppRater.m in Sources */ = {isa = PBXBuildFile; fileRef = EB72C7BE1861C9F100ED6700 /* KTAppRater.m */; };
		EB72C8371861C9F100ED6700 /* kt_login_bg.png in Resources */ = {isa = PBXBuildFile; fileRef = EB72C7C11861C9F100ED6700 /* kt_login_bg.png */; };
		EB72C8381861C9F100ED6700 /* kt_login_bg@2x.png in Resources */ = {isa = PBXBuildFile; fileRef = EB72C7C21861C9F100ED6700 /* kt_login_bg@2x.png */; };
		EB72C8391861C9F100ED6700 /* kt_login_close.png in Resources */ = {isa = PBXBuildFile; fileRef = EB72C7C31861C9F100ED6700 /* kt_login_close.png */; };
		EB72C83A1861C9F100ED6700 /* kt_login_close@2x.png in Resources */ = {isa = PBXBuildFile; fileRef = EB72C7C41861C9F100ED6700 /* kt_login_close@2x.png */; };
		EB72C83B1861C9F100ED6700 /* kt_login_kii_logo.png in Resources */ = {isa = PBXBuildFile; fileRef = EB72C7C51861C9F100ED6700 /* kt_login_kii_logo.png */; };
		EB72C83C1861C9F100ED6700 /* kt_login_kii_logo@2x.png in Resources */ = {isa = PBXBuildFile; fileRef = EB72C7C61861C9F100ED6700 /* kt_login_kii_logo@2x.png */; };
		EB72C83D1861C9F100ED6700 /* KTForgotPasswordViewController.m in Sources */ = {isa = PBXBuildFile; fileRef = EB72C7C81861C9F100ED6700 /* KTForgotPasswordViewController.m */; };
		EB72C83E1861C9F100ED6700 /* KTLoginViewController.m in Sources */ = {isa = PBXBuildFile; fileRef = EB72C7CA1861C9F100ED6700 /* KTLoginViewController.m */; };
		EB72C83F1861C9F100ED6700 /* KTRegistrationViewController.m in Sources */ = {isa = PBXBuildFile; fileRef = EB72C7CC1861C9F100ED6700 /* KTRegistrationViewController.m */; };
		EB72C8401861C9F100ED6700 /* CKRefreshArrowView.m in Sources */ = {isa = PBXBuildFile; fileRef = EB72C7CF1861C9F100ED6700 /* CKRefreshArrowView.m */; };
		EB72C8411861C9F100ED6700 /* KTTableViewController.m in Sources */ = {isa = PBXBuildFile; fileRef = EB72C7D11861C9F100ED6700 /* KTTableViewController.m */; };
		EB72C8421861C9F100ED6700 /* KTAlert.m in Sources */ = {isa = PBXBuildFile; fileRef = EB72C7D51861C9F100ED6700 /* KTAlert.m */; };
		EB72C8431861C9F100ED6700 /* KTAlertBar.m in Sources */ = {isa = PBXBuildFile; fileRef = EB72C7D81861C9F100ED6700 /* KTAlertBar.m */; };
		EB72C8441861C9F100ED6700 /* KTAlertToast.m in Sources */ = {isa = PBXBuildFile; fileRef = EB72C7DA1861C9F100ED6700 /* KTAlertToast.m */; };
		EB72C8451861C9F100ED6700 /* KTButton.m in Sources */ = {isa = PBXBuildFile; fileRef = EB72C7DD1861C9F100ED6700 /* KTButton.m */; };
		EB72C8461861C9F100ED6700 /* KTCircularProgressIndicator.m in Sources */ = {isa = PBXBuildFile; fileRef = EB72C7E01861C9F100ED6700 /* KTCircularProgressIndicator.m */; };
		EB72C8471861C9F100ED6700 /* KTImageView.m in Sources */ = {isa = PBXBuildFile; fileRef = EB72C7E31861C9F100ED6700 /* KTImageView.m */; };
		EB72C8481861C9F100ED6700 /* failure-indicator.png in Resources */ = {isa = PBXBuildFile; fileRef = EB72C7E61861C9F100ED6700 /* failure-indicator.png */; };
		EB72C8491861C9F100ED6700 /* failure-indicator@2x.png in Resources */ = {isa = PBXBuildFile; fileRef = EB72C7E71861C9F100ED6700 /* failure-indicator@2x.png */; };
		EB72C84A1861C9F100ED6700 /* success-indicator.png in Resources */ = {isa = PBXBuildFile; fileRef = EB72C7E81861C9F100ED6700 /* success-indicator.png */; };
		EB72C84B1861C9F100ED6700 /* success-indicator@2x.png in Resources */ = {isa = PBXBuildFile; fileRef = EB72C7E91861C9F100ED6700 /* success-indicator@2x.png */; };
		EB72C84C1861C9F100ED6700 /* KTLoader.m in Sources */ = {isa = PBXBuildFile; fileRef = EB72C7EB1861C9F100ED6700 /* KTLoader.m */; };
		EB72C84D1861C9F100ED6700 /* KTProgressIndicator.m in Sources */ = {isa = PBXBuildFile; fileRef = EB72C7EE1861C9F100ED6700 /* KTProgressIndicator.m */; };
		EB72C84E1861C9F100ED6700 /* KTTextField.m in Sources */ = {isa = PBXBuildFile; fileRef = EB72C7F11861C9F100ED6700 /* KTTextField.m */; };
		EB72C84F1861C9F100ED6700 /* NSArray+KTUtilities.m in Sources */ = {isa = PBXBuildFile; fileRef = EB72C7F71861C9F100ED6700 /* NSArray+KTUtilities.m */; };
		EB72C8501861C9F100ED6700 /* NSDate+KTUtilities.m in Sources */ = {isa = PBXBuildFile; fileRef = EB72C7FA1861C9F100ED6700 /* NSDate+KTUtilities.m */; };
		EB72C8511861C9F100ED6700 /* NSMutableArray+KTUtilities.m in Sources */ = {isa = PBXBuildFile; fileRef = EB72C7FD1861C9F100ED6700 /* NSMutableArray+KTUtilities.m */; };
		EB72C8521861C9F100ED6700 /* NSString+KTUtilities.m in Sources */ = {isa = PBXBuildFile; fileRef = EB72C8001861C9F100ED6700 /* NSString+KTUtilities.m */; };
		EB72C8531861C9F100ED6700 /* UIColor+KTUtilities.m in Sources */ = {isa = PBXBuildFile; fileRef = EB72C8031861C9F100ED6700 /* UIColor+KTUtilities.m */; };
		EB72C8541861C9F100ED6700 /* UIImage+KTUtilities.m in Sources */ = {isa = PBXBuildFile; fileRef = EB72C8061861C9F100ED6700 /* UIImage+KTUtilities.m */; };
		EB72C8551861C9F100ED6700 /* UIView+KTUtilities.m in Sources */ = {isa = PBXBuildFile; fileRef = EB72C8091861C9F100ED6700 /* UIView+KTUtilities.m */; };
		EB72C8561861C9F100ED6700 /* KTDevice.m in Sources */ = {isa = PBXBuildFile; fileRef = EB72C80B1861C9F100ED6700 /* KTDevice.m */; };
		EB72C8571861C9F100ED6700 /* KTNetworkingUtilities.m in Sources */ = {isa = PBXBuildFile; fileRef = EB72C80D1861C9F100ED6700 /* KTNetworkingUtilities.m */; };
		EB72C8581861C9F100ED6700 /* LICENSE in Resources */ = {isa = PBXBuildFile; fileRef = EB72C80F1861C9F100ED6700 /* LICENSE */; };
		EB72C8591861C9F100ED6700 /* README.md in Resources */ = {isa = PBXBuildFile; fileRef = EB72C8101861C9F100ED6700 /* README.md */; };
		EBD6FB82185681F700632BDE /* Level.m in Sources */ = {isa = PBXBuildFile; fileRef = EBD6FB81185681F700632BDE /* Level.m */; };
		EBF1748B1859EFB700F5D975 /* player1.png in Resources */ = {isa = PBXBuildFile; fileRef = EBF174891859EFB700F5D975 /* player1.png */; };
		EBF1748E1859EFE700F5D975 /* player2.png in Resources */ = {isa = PBXBuildFile; fileRef = EBF1748D1859EFE700F5D975 /* player2.png */; };
		EBF174911859F0AC00F5D975 /* virus1.png in Resources */ = {isa = PBXBuildFile; fileRef = EBF1748F1859F0AC00F5D975 /* virus1.png */; };
		EBF174941859F10200F5D975 /* virus2.png in Resources */ = {isa = PBXBuildFile; fileRef = EBF174931859F10200F5D975 /* virus2.png */; };
		EBF174961859F24D00F5D975 /* viralDNA.png in Resources */ = {isa = PBXBuildFile; fileRef = EBF174951859F24D00F5D975 /* viralDNA.png */; };
		EBF174981859F2DA00F5D975 /* acid.png in Resources */ = {isa = PBXBuildFile; fileRef = EBF174971859F2DA00F5D975 /* acid.png */; };
		EBF1749A1859F75A00F5D975 /* wall1.png in Resources */ = {isa = PBXBuildFile; fileRef = EBF174991859F75A00F5D975 /* wall1.png */; };
		EBF1749C1859F7B000F5D975 /* wall2.png in Resources */ = {isa = PBXBuildFile; fileRef = EBF1749B1859F7B000F5D975 /* wall2.png */; };
/* End PBXBuildFile section */

/* Begin PBXContainerItemProxy section */
		EB46C8171855F94400A935AA /* PBXContainerItemProxy */ = {
			isa = PBXContainerItemProxy;
			containerPortal = EB46C7E21855F94400A935AA /* Project object */;
			proxyType = 1;
			remoteGlobalIDString = EB46C7E91855F94400A935AA;
			remoteInfo = CellDefence;
		};
/* End PBXContainerItemProxy section */

/* Begin PBXFileReference section */
		EB2E944E1857795B00D78A1E /* Cell.h */ = {isa = PBXFileReference; fileEncoding = 4; lastKnownFileType = sourcecode.c.h; path = Cell.h; sourceTree = "<group>"; };
		EB2E944F1857795B00D78A1E /* Cell.m */ = {isa = PBXFileReference; fileEncoding = 4; lastKnownFileType = sourcecode.c.objc; path = Cell.m; sourceTree = "<group>"; };
		EB46C7EA1855F94400A935AA /* CellDefence.app */ = {isa = PBXFileReference; explicitFileType = wrapper.application; includeInIndex = 0; path = CellDefence.app; sourceTree = BUILT_PRODUCTS_DIR; };
		EB46C7ED1855F94400A935AA /* Foundation.framework */ = {isa = PBXFileReference; lastKnownFileType = wrapper.framework; name = Foundation.framework; path = System/Library/Frameworks/Foundation.framework; sourceTree = SDKROOT; };
		EB46C7EF1855F94400A935AA /* CoreGraphics.framework */ = {isa = PBXFileReference; lastKnownFileType = wrapper.framework; name = CoreGraphics.framework; path = System/Library/Frameworks/CoreGraphics.framework; sourceTree = SDKROOT; };
		EB46C7F11855F94400A935AA /* UIKit.framework */ = {isa = PBXFileReference; lastKnownFileType = wrapper.framework; name = UIKit.framework; path = System/Library/Frameworks/UIKit.framework; sourceTree = SDKROOT; };
		EB46C7F31855F94400A935AA /* SpriteKit.framework */ = {isa = PBXFileReference; lastKnownFileType = wrapper.framework; name = SpriteKit.framework; path = System/Library/Frameworks/SpriteKit.framework; sourceTree = SDKROOT; };
		EB46C7F71855F94400A935AA /* CellDefence-Info.plist */ = {isa = PBXFileReference; lastKnownFileType = text.plist.xml; path = "CellDefence-Info.plist"; sourceTree = "<group>"; };
		EB46C7F91855F94400A935AA /* en */ = {isa = PBXFileReference; lastKnownFileType = text.plist.strings; name = en; path = en.lproj/InfoPlist.strings; sourceTree = "<group>"; };
		EB46C7FB1855F94400A935AA /* main.m */ = {isa = PBXFileReference; lastKnownFileType = sourcecode.c.objc; path = main.m; sourceTree = "<group>"; };
		EB46C7FD1855F94400A935AA /* CellDefence-Prefix.pch */ = {isa = PBXFileReference; lastKnownFileType = sourcecode.c.h; path = "CellDefence-Prefix.pch"; sourceTree = "<group>"; };
		EB46C7FE1855F94400A935AA /* AppDelegate.h */ = {isa = PBXFileReference; lastKnownFileType = sourcecode.c.h; path = AppDelegate.h; sourceTree = "<group>"; };
		EB46C7FF1855F94400A935AA /* AppDelegate.m */ = {isa = PBXFileReference; lastKnownFileType = sourcecode.c.objc; path = AppDelegate.m; sourceTree = "<group>"; };
		EB46C8021855F94400A935AA /* Base */ = {isa = PBXFileReference; lastKnownFileType = file.storyboard; name = Base; path = Base.lproj/Main.storyboard; sourceTree = "<group>"; };
		EB46C8041855F94400A935AA /* GameViewController.h */ = {isa = PBXFileReference; lastKnownFileType = sourcecode.c.h; path = GameViewController.h; sourceTree = "<group>"; };
		EB46C8051855F94400A935AA /* GameViewController.m */ = {isa = PBXFileReference; lastKnownFileType = sourcecode.c.objc; path = GameViewController.m; sourceTree = "<group>"; };
		EB46C8071855F94400A935AA /* InGameScene.h */ = {isa = PBXFileReference; lastKnownFileType = sourcecode.c.h; path = InGameScene.h; sourceTree = "<group>"; };
		EB46C8081855F94400A935AA /* InGameScene.m */ = {isa = PBXFileReference; lastKnownFileType = sourcecode.c.objc; path = InGameScene.m; sourceTree = "<group>"; };
		EB46C80C1855F94400A935AA /* Images.xcassets */ = {isa = PBXFileReference; lastKnownFileType = folder.assetcatalog; path = Images.xcassets; sourceTree = "<group>"; };
		EB46C8121855F94400A935AA /* CellDefenceTests.xctest */ = {isa = PBXFileReference; explicitFileType = wrapper.cfbundle; includeInIndex = 0; path = CellDefenceTests.xctest; sourceTree = BUILT_PRODUCTS_DIR; };
		EB46C8131855F94400A935AA /* XCTest.framework */ = {isa = PBXFileReference; lastKnownFileType = wrapper.framework; name = XCTest.framework; path = Library/Frameworks/XCTest.framework; sourceTree = DEVELOPER_DIR; };
		EB46C81B1855F94400A935AA /* CellDefenceTests-Info.plist */ = {isa = PBXFileReference; lastKnownFileType = text.plist.xml; path = "CellDefenceTests-Info.plist"; sourceTree = "<group>"; };
		EB46C81D1855F94400A935AA /* en */ = {isa = PBXFileReference; lastKnownFileType = text.plist.strings; name = en; path = en.lproj/InfoPlist.strings; sourceTree = "<group>"; };
		EB46C81F1855F94400A935AA /* CellDefenceTests.m */ = {isa = PBXFileReference; lastKnownFileType = sourcecode.c.objc; path = CellDefenceTests.m; sourceTree = "<group>"; };
		EB46C829185600AC00A935AA /* Microbe.h */ = {isa = PBXFileReference; fileEncoding = 4; lastKnownFileType = sourcecode.c.h; name = Microbe.h; path = ../Microbe.h; sourceTree = "<group>"; };
		EB46C82A185600AC00A935AA /* Microbe.m */ = {isa = PBXFileReference; fileEncoding = 4; lastKnownFileType = sourcecode.c.objc; name = Microbe.m; path = ../Microbe.m; sourceTree = "<group>"; };
		EB46C853185648DB00A935AA /* Object.h */ = {isa = PBXFileReference; fileEncoding = 4; lastKnownFileType = sourcecode.c.h; path = Object.h; sourceTree = "<group>"; };
		EB46C854185648DB00A935AA /* Object.m */ = {isa = PBXFileReference; fileEncoding = 4; lastKnownFileType = sourcecode.c.objc; path = Object.m; sourceTree = "<group>"; };
		EB72C7861861C88F00ED6700 /* KiiSDK.framework */ = {isa = PBXFileReference; lastKnownFileType = wrapper.framework; path = KiiSDK.framework; sourceTree = "<group>"; };
		EB72C7881861C8C000ED6700 /* MobileCoreServices.framework */ = {isa = PBXFileReference; lastKnownFileType = wrapper.framework; name = MobileCoreServices.framework; path = System/Library/Frameworks/MobileCoreServices.framework; sourceTree = SDKROOT; };
		EB72C78A1861C8E700ED6700 /* Accounts.framework */ = {isa = PBXFileReference; lastKnownFileType = wrapper.framework; name = Accounts.framework; path = System/Library/Frameworks/Accounts.framework; sourceTree = SDKROOT; };
		EB72C78C1861C90900ED6700 /* Twitter.framework */ = {isa = PBXFileReference; lastKnownFileType = wrapper.framework; name = Twitter.framework; path = System/Library/Frameworks/Twitter.framework; sourceTree = SDKROOT; };
		EB72C78F1861C9F100ED6700 /* .gitignore */ = {isa = PBXFileReference; fileEncoding = 4; lastKnownFileType = text; path = .gitignore; sourceTree = "<group>"; };
		EB72C7911861C9F100ED6700 /* doc_creation.sh */ = {isa = PBXFileReference; fileEncoding = 4; lastKnownFileType = text.script.sh; path = doc_creation.sh; sourceTree = "<group>"; };
		EB72C7941861C9F100ED6700 /* NSArray+KTUtilities.html */ = {isa = PBXFileReference; fileEncoding = 4; lastKnownFileType = text.html.documentation; path = "NSArray+KTUtilities.html"; sourceTree = "<group>"; };
		EB72C7951861C9F100ED6700 /* NSDate+KTUtilities.html */ = {isa = PBXFileReference; fileEncoding = 4; lastKnownFileType = text.html.documentation; path = "NSDate+KTUtilities.html"; sourceTree = "<group>"; };
		EB72C7961861C9F100ED6700 /* NSMutableArray+KTUtilities.html */ = {isa = PBXFileReference; fileEncoding = 4; lastKnownFileType = text.html.documentation; path = "NSMutableArray+KTUtilities.html"; sourceTree = "<group>"; };
		EB72C7971861C9F100ED6700 /* NSString+KTUtilities.html */ = {isa = PBXFileReference; fileEncoding = 4; lastKnownFileType = text.html.documentation; path = "NSString+KTUtilities.html"; sourceTree = "<group>"; };
		EB72C7981861C9F100ED6700 /* UIColor+KTUtilities.html */ = {isa = PBXFileReference; fileEncoding = 4; lastKnownFileType = text.html.documentation; path = "UIColor+KTUtilities.html"; sourceTree = "<group>"; };
		EB72C7991861C9F100ED6700 /* UIImage+KTUtilities.html */ = {isa = PBXFileReference; fileEncoding = 4; lastKnownFileType = text.html.documentation; path = "UIImage+KTUtilities.html"; sourceTree = "<group>"; };
		EB72C79A1861C9F100ED6700 /* UIView+KTUtilities.html */ = {isa = PBXFileReference; fileEncoding = 4; lastKnownFileType = text.html.documentation; path = "UIView+KTUtilities.html"; sourceTree = "<group>"; };
		EB72C79C1861C9F100ED6700 /* KTAlert.html */ = {isa = PBXFileReference; fileEncoding = 4; lastKnownFileType = text.html.documentation; path = KTAlert.html; sourceTree = "<group>"; };
		EB72C79D1861C9F100ED6700 /* KTAlertBar.html */ = {isa = PBXFileReference; fileEncoding = 4; lastKnownFileType = text.html.documentation; path = KTAlertBar.html; sourceTree = "<group>"; };
		EB72C79E1861C9F100ED6700 /* KTAlertToast.html */ = {isa = PBXFileReference; fileEncoding = 4; lastKnownFileType = text.html.documentation; path = KTAlertToast.html; sourceTree = "<group>"; };
		EB72C79F1861C9F100ED6700 /* KTAppRater.html */ = {isa = PBXFileReference; fileEncoding = 4; lastKnownFileType = text.html.documentation; path = KTAppRater.html; sourceTree = "<group>"; };
		EB72C7A01861C9F100ED6700 /* KTButton.html */ = {isa = PBXFileReference; fileEncoding = 4; lastKnownFileType = text.html.documentation; path = KTButton.html; sourceTree = "<group>"; };
		EB72C7A11861C9F100ED6700 /* KTCircularProgressIndicator.html */ = {isa = PBXFileReference; fileEncoding = 4; lastKnownFileType = text.html.documentation; path = KTCircularProgressIndicator.html; sourceTree = "<group>"; };
		EB72C7A21861C9F100ED6700 /* KTDevice.html */ = {isa = PBXFileReference; fileEncoding = 4; lastKnownFileType = text.html.documentation; path = KTDevice.html; sourceTree = "<group>"; };
		EB72C7A31861C9F100ED6700 /* KTForgotPasswordViewController.html */ = {isa = PBXFileReference; fileEncoding = 4; lastKnownFileType = text.html.documentation; path = KTForgotPasswordViewController.html; sourceTree = "<group>"; };
		EB72C7A41861C9F100ED6700 /* KTImageView.html */ = {isa = PBXFileReference; fileEncoding = 4; lastKnownFileType = text.html.documentation; path = KTImageView.html; sourceTree = "<group>"; };
		EB72C7A51861C9F100ED6700 /* KTLoader.html */ = {isa = PBXFileReference; fileEncoding = 4; lastKnownFileType = text.html.documentation; path = KTLoader.html; sourceTree = "<group>"; };
		EB72C7A61861C9F100ED6700 /* KTLoginViewController.html */ = {isa = PBXFileReference; fileEncoding = 4; lastKnownFileType = text.html.documentation; path = KTLoginViewController.html; sourceTree = "<group>"; };
		EB72C7A71861C9F100ED6700 /* KTNetworkingUtilities.html */ = {isa = PBXFileReference; fileEncoding = 4; lastKnownFileType = text.html.documentation; path = KTNetworkingUtilities.html; sourceTree = "<group>"; };
		EB72C7A81861C9F100ED6700 /* KTProgressIndicator.html */ = {isa = PBXFileReference; fileEncoding = 4; lastKnownFileType = text.html.documentation; path = KTProgressIndicator.html; sourceTree = "<group>"; };
		EB72C7A91861C9F100ED6700 /* KTRegistrationViewController.html */ = {isa = PBXFileReference; fileEncoding = 4; lastKnownFileType = text.html.documentation; path = KTRegistrationViewController.html; sourceTree = "<group>"; };
		EB72C7AA1861C9F100ED6700 /* KTTableViewController.html */ = {isa = PBXFileReference; fileEncoding = 4; lastKnownFileType = text.html.documentation; path = KTTableViewController.html; sourceTree = "<group>"; };
		EB72C7AB1861C9F100ED6700 /* KTTextField.html */ = {isa = PBXFileReference; fileEncoding = 4; lastKnownFileType = text.html.documentation; path = KTTextField.html; sourceTree = "<group>"; };
		EB72C7AD1861C9F100ED6700 /* styles.css */ = {isa = PBXFileReference; fileEncoding = 4; lastKnownFileType = text.css; path = styles.css; sourceTree = "<group>"; };
		EB72C7AE1861C9F100ED6700 /* stylesPrint.css */ = {isa = PBXFileReference; fileEncoding = 4; lastKnownFileType = text.css; path = stylesPrint.css; sourceTree = "<group>"; };
		EB72C7AF1861C9F100ED6700 /* hierarchy.html */ = {isa = PBXFileReference; fileEncoding = 4; lastKnownFileType = text.html.documentation; path = hierarchy.html; sourceTree = "<group>"; };
		EB72C7B11861C9F100ED6700 /* button_bar_background.png */ = {isa = PBXFileReference; lastKnownFileType = image.png; path = button_bar_background.png; sourceTree = "<group>"; };
		EB72C7B21861C9F100ED6700 /* disclosure.png */ = {isa = PBXFileReference; lastKnownFileType = image.png; path = disclosure.png; sourceTree = "<group>"; };
		EB72C7B31861C9F100ED6700 /* disclosure_open.png */ = {isa = PBXFileReference; lastKnownFileType = image.png; path = disclosure_open.png; sourceTree = "<group>"; };
		EB72C7B41861C9F100ED6700 /* library_background.png */ = {isa = PBXFileReference; lastKnownFileType = image.png; path = library_background.png; sourceTree = "<group>"; };
		EB72C7B51861C9F100ED6700 /* title_background.png */ = {isa = PBXFileReference; lastKnownFileType = image.png; path = title_background.png; sourceTree = "<group>"; };
		EB72C7B61861C9F100ED6700 /* index.html */ = {isa = PBXFileReference; fileEncoding = 4; lastKnownFileType = text.html.documentation; path = index.html; sourceTree = "<group>"; };
		EB72C7B81861C9F100ED6700 /* KTLoginViewDelegate.html */ = {isa = PBXFileReference; fileEncoding = 4; lastKnownFileType = text.html.documentation; path = KTLoginViewDelegate.html; sourceTree = "<group>"; };
		EB72C7B91861C9F100ED6700 /* KTTableViewDelegate.html */ = {isa = PBXFileReference; fileEncoding = 4; lastKnownFileType = text.html.documentation; path = KTTableViewDelegate.html; sourceTree = "<group>"; };
		EB72C7BA1861C9F100ED6700 /* KiiToolkit.h */ = {isa = PBXFileReference; fileEncoding = 4; lastKnownFileType = sourcecode.c.h; path = KiiToolkit.h; sourceTree = "<group>"; };
		EB72C7BB1861C9F100ED6700 /* KiiToolkit.podspec */ = {isa = PBXFileReference; fileEncoding = 4; lastKnownFileType = text; path = KiiToolkit.podspec; sourceTree = "<group>"; };
		EB72C7BD1861C9F100ED6700 /* KTAppRater.h */ = {isa = PBXFileReference; fileEncoding = 4; lastKnownFileType = sourcecode.c.h; path = KTAppRater.h; sourceTree = "<group>"; };
		EB72C7BE1861C9F100ED6700 /* KTAppRater.m */ = {isa = PBXFileReference; fileEncoding = 4; lastKnownFileType = sourcecode.c.objc; path = KTAppRater.m; sourceTree = "<group>"; };
		EB72C7C11861C9F100ED6700 /* kt_login_bg.png */ = {isa = PBXFileReference; lastKnownFileType = image.png; path = kt_login_bg.png; sourceTree = "<group>"; };
		EB72C7C21861C9F100ED6700 /* kt_login_bg@2x.png */ = {isa = PBXFileReference; lastKnownFileType = image.png; path = "kt_login_bg@2x.png"; sourceTree = "<group>"; };
		EB72C7C31861C9F100ED6700 /* kt_login_close.png */ = {isa = PBXFileReference; lastKnownFileType = image.png; path = kt_login_close.png; sourceTree = "<group>"; };
		EB72C7C41861C9F100ED6700 /* kt_login_close@2x.png */ = {isa = PBXFileReference; lastKnownFileType = image.png; path = "kt_login_close@2x.png"; sourceTree = "<group>"; };
		EB72C7C51861C9F100ED6700 /* kt_login_kii_logo.png */ = {isa = PBXFileReference; lastKnownFileType = image.png; path = kt_login_kii_logo.png; sourceTree = "<group>"; };
		EB72C7C61861C9F100ED6700 /* kt_login_kii_logo@2x.png */ = {isa = PBXFileReference; lastKnownFileType = image.png; path = "kt_login_kii_logo@2x.png"; sourceTree = "<group>"; };
		EB72C7C71861C9F100ED6700 /* KTForgotPasswordViewController.h */ = {isa = PBXFileReference; fileEncoding = 4; lastKnownFileType = sourcecode.c.h; path = KTForgotPasswordViewController.h; sourceTree = "<group>"; };
		EB72C7C81861C9F100ED6700 /* KTForgotPasswordViewController.m */ = {isa = PBXFileReference; fileEncoding = 4; lastKnownFileType = sourcecode.c.objc; path = KTForgotPasswordViewController.m; sourceTree = "<group>"; };
		EB72C7C91861C9F100ED6700 /* KTLoginViewController.h */ = {isa = PBXFileReference; fileEncoding = 4; lastKnownFileType = sourcecode.c.h; path = KTLoginViewController.h; sourceTree = "<group>"; };
		EB72C7CA1861C9F100ED6700 /* KTLoginViewController.m */ = {isa = PBXFileReference; fileEncoding = 4; lastKnownFileType = sourcecode.c.objc; path = KTLoginViewController.m; sourceTree = "<group>"; };
		EB72C7CB1861C9F100ED6700 /* KTRegistrationViewController.h */ = {isa = PBXFileReference; fileEncoding = 4; lastKnownFileType = sourcecode.c.h; path = KTRegistrationViewController.h; sourceTree = "<group>"; };
		EB72C7CC1861C9F100ED6700 /* KTRegistrationViewController.m */ = {isa = PBXFileReference; fileEncoding = 4; lastKnownFileType = sourcecode.c.objc; path = KTRegistrationViewController.m; sourceTree = "<group>"; };
		EB72C7CE1861C9F100ED6700 /* CKRefreshArrowView.h */ = {isa = PBXFileReference; fileEncoding = 4; lastKnownFileType = sourcecode.c.h; path = CKRefreshArrowView.h; sourceTree = "<group>"; };
		EB72C7CF1861C9F100ED6700 /* CKRefreshArrowView.m */ = {isa = PBXFileReference; fileEncoding = 4; lastKnownFileType = sourcecode.c.objc; path = CKRefreshArrowView.m; sourceTree = "<group>"; };
		EB72C7D01861C9F100ED6700 /* KTTableViewController.h */ = {isa = PBXFileReference; fileEncoding = 4; lastKnownFileType = sourcecode.c.h; path = KTTableViewController.h; sourceTree = "<group>"; };
		EB72C7D11861C9F100ED6700 /* KTTableViewController.m */ = {isa = PBXFileReference; fileEncoding = 4; lastKnownFileType = sourcecode.c.objc; path = KTTableViewController.m; sourceTree = "<group>"; };
		EB72C7D41861C9F100ED6700 /* KTAlert.h */ = {isa = PBXFileReference; fileEncoding = 4; lastKnownFileType = sourcecode.c.h; path = KTAlert.h; sourceTree = "<group>"; };
		EB72C7D51861C9F100ED6700 /* KTAlert.m */ = {isa = PBXFileReference; fileEncoding = 4; lastKnownFileType = sourcecode.c.objc; path = KTAlert.m; sourceTree = "<group>"; };
		EB72C7D71861C9F100ED6700 /* KTAlertBar.h */ = {isa = PBXFileReference; fileEncoding = 4; lastKnownFileType = sourcecode.c.h; path = KTAlertBar.h; sourceTree = "<group>"; };
		EB72C7D81861C9F100ED6700 /* KTAlertBar.m */ = {isa = PBXFileReference; fileEncoding = 4; lastKnownFileType = sourcecode.c.objc; path = KTAlertBar.m; sourceTree = "<group>"; };
		EB72C7D91861C9F100ED6700 /* KTAlertToast.h */ = {isa = PBXFileReference; fileEncoding = 4; lastKnownFileType = sourcecode.c.h; path = KTAlertToast.h; sourceTree = "<group>"; };
		EB72C7DA1861C9F100ED6700 /* KTAlertToast.m */ = {isa = PBXFileReference; fileEncoding = 4; lastKnownFileType = sourcecode.c.objc; path = KTAlertToast.m; sourceTree = "<group>"; };
		EB72C7DC1861C9F100ED6700 /* KTButton.h */ = {isa = PBXFileReference; fileEncoding = 4; lastKnownFileType = sourcecode.c.h; path = KTButton.h; sourceTree = "<group>"; };
		EB72C7DD1861C9F100ED6700 /* KTButton.m */ = {isa = PBXFileReference; fileEncoding = 4; lastKnownFileType = sourcecode.c.objc; path = KTButton.m; sourceTree = "<group>"; };
		EB72C7DF1861C9F100ED6700 /* KTCircularProgressIndicator.h */ = {isa = PBXFileReference; fileEncoding = 4; lastKnownFileType = sourcecode.c.h; path = KTCircularProgressIndicator.h; sourceTree = "<group>"; };
		EB72C7E01861C9F100ED6700 /* KTCircularProgressIndicator.m */ = {isa = PBXFileReference; fileEncoding = 4; lastKnownFileType = sourcecode.c.objc; path = KTCircularProgressIndicator.m; sourceTree = "<group>"; };
		EB72C7E21861C9F100ED6700 /* KTImageView.h */ = {isa = PBXFileReference; fileEncoding = 4; lastKnownFileType = sourcecode.c.h; path = KTImageView.h; sourceTree = "<group>"; };
		EB72C7E31861C9F100ED6700 /* KTImageView.m */ = {isa = PBXFileReference; fileEncoding = 4; lastKnownFileType = sourcecode.c.objc; path = KTImageView.m; sourceTree = "<group>"; };
		EB72C7E61861C9F100ED6700 /* failure-indicator.png */ = {isa = PBXFileReference; lastKnownFileType = image.png; path = "failure-indicator.png"; sourceTree = "<group>"; };
		EB72C7E71861C9F100ED6700 /* failure-indicator@2x.png */ = {isa = PBXFileReference; lastKnownFileType = image.png; path = "failure-indicator@2x.png"; sourceTree = "<group>"; };
		EB72C7E81861C9F100ED6700 /* success-indicator.png */ = {isa = PBXFileReference; lastKnownFileType = image.png; path = "success-indicator.png"; sourceTree = "<group>"; };
		EB72C7E91861C9F100ED6700 /* success-indicator@2x.png */ = {isa = PBXFileReference; lastKnownFileType = image.png; path = "success-indicator@2x.png"; sourceTree = "<group>"; };
		EB72C7EA1861C9F100ED6700 /* KTLoader.h */ = {isa = PBXFileReference; fileEncoding = 4; lastKnownFileType = sourcecode.c.h; path = KTLoader.h; sourceTree = "<group>"; };
		EB72C7EB1861C9F100ED6700 /* KTLoader.m */ = {isa = PBXFileReference; fileEncoding = 4; lastKnownFileType = sourcecode.c.objc; path = KTLoader.m; sourceTree = "<group>"; };
		EB72C7ED1861C9F100ED6700 /* KTProgressIndicator.h */ = {isa = PBXFileReference; fileEncoding = 4; lastKnownFileType = sourcecode.c.h; path = KTProgressIndicator.h; sourceTree = "<group>"; };
		EB72C7EE1861C9F100ED6700 /* KTProgressIndicator.m */ = {isa = PBXFileReference; fileEncoding = 4; lastKnownFileType = sourcecode.c.objc; path = KTProgressIndicator.m; sourceTree = "<group>"; };
		EB72C7F01861C9F100ED6700 /* KTTextField.h */ = {isa = PBXFileReference; fileEncoding = 4; lastKnownFileType = sourcecode.c.h; path = KTTextField.h; sourceTree = "<group>"; };
		EB72C7F11861C9F100ED6700 /* KTTextField.m */ = {isa = PBXFileReference; fileEncoding = 4; lastKnownFileType = sourcecode.c.objc; path = KTTextField.m; sourceTree = "<group>"; };
		EB72C7F21861C9F100ED6700 /* KTUI.h */ = {isa = PBXFileReference; fileEncoding = 4; lastKnownFileType = sourcecode.c.h; path = KTUI.h; sourceTree = "<group>"; };
		EB72C7F61861C9F100ED6700 /* NSArray+KTUtilities.h */ = {isa = PBXFileReference; fileEncoding = 4; lastKnownFileType = sourcecode.c.h; path = "NSArray+KTUtilities.h"; sourceTree = "<group>"; };
		EB72C7F71861C9F100ED6700 /* NSArray+KTUtilities.m */ = {isa = PBXFileReference; fileEncoding = 4; lastKnownFileType = sourcecode.c.objc; path = "NSArray+KTUtilities.m"; sourceTree = "<group>"; };
		EB72C7F91861C9F100ED6700 /* NSDate+KTUtilities.h */ = {isa = PBXFileReference; fileEncoding = 4; lastKnownFileType = sourcecode.c.h; path = "NSDate+KTUtilities.h"; sourceTree = "<group>"; };
		EB72C7FA1861C9F100ED6700 /* NSDate+KTUtilities.m */ = {isa = PBXFileReference; fileEncoding = 4; lastKnownFileType = sourcecode.c.objc; path = "NSDate+KTUtilities.m"; sourceTree = "<group>"; };
		EB72C7FC1861C9F100ED6700 /* NSMutableArray+KTUtilities.h */ = {isa = PBXFileReference; fileEncoding = 4; lastKnownFileType = sourcecode.c.h; path = "NSMutableArray+KTUtilities.h"; sourceTree = "<group>"; };
		EB72C7FD1861C9F100ED6700 /* NSMutableArray+KTUtilities.m */ = {isa = PBXFileReference; fileEncoding = 4; lastKnownFileType = sourcecode.c.objc; path = "NSMutableArray+KTUtilities.m"; sourceTree = "<group>"; };
		EB72C7FF1861C9F100ED6700 /* NSString+KTUtilities.h */ = {isa = PBXFileReference; fileEncoding = 4; lastKnownFileType = sourcecode.c.h; path = "NSString+KTUtilities.h"; sourceTree = "<group>"; };
		EB72C8001861C9F100ED6700 /* NSString+KTUtilities.m */ = {isa = PBXFileReference; fileEncoding = 4; lastKnownFileType = sourcecode.c.objc; path = "NSString+KTUtilities.m"; sourceTree = "<group>"; };
		EB72C8021861C9F100ED6700 /* UIColor+KTUtilities.h */ = {isa = PBXFileReference; fileEncoding = 4; lastKnownFileType = sourcecode.c.h; path = "UIColor+KTUtilities.h"; sourceTree = "<group>"; };
		EB72C8031861C9F100ED6700 /* UIColor+KTUtilities.m */ = {isa = PBXFileReference; fileEncoding = 4; lastKnownFileType = sourcecode.c.objc; path = "UIColor+KTUtilities.m"; sourceTree = "<group>"; };
		EB72C8051861C9F100ED6700 /* UIImage+KTUtilities.h */ = {isa = PBXFileReference; fileEncoding = 4; lastKnownFileType = sourcecode.c.h; path = "UIImage+KTUtilities.h"; sourceTree = "<group>"; };
		EB72C8061861C9F100ED6700 /* UIImage+KTUtilities.m */ = {isa = PBXFileReference; fileEncoding = 4; lastKnownFileType = sourcecode.c.objc; path = "UIImage+KTUtilities.m"; sourceTree = "<group>"; };
		EB72C8081861C9F100ED6700 /* UIView+KTUtilities.h */ = {isa = PBXFileReference; fileEncoding = 4; lastKnownFileType = sourcecode.c.h; path = "UIView+KTUtilities.h"; sourceTree = "<group>"; };
		EB72C8091861C9F100ED6700 /* UIView+KTUtilities.m */ = {isa = PBXFileReference; fileEncoding = 4; lastKnownFileType = sourcecode.c.objc; path = "UIView+KTUtilities.m"; sourceTree = "<group>"; };
		EB72C80A1861C9F100ED6700 /* KTDevice.h */ = {isa = PBXFileReference; fileEncoding = 4; lastKnownFileType = sourcecode.c.h; path = KTDevice.h; sourceTree = "<group>"; };
		EB72C80B1861C9F100ED6700 /* KTDevice.m */ = {isa = PBXFileReference; fileEncoding = 4; lastKnownFileType = sourcecode.c.objc; path = KTDevice.m; sourceTree = "<group>"; };
		EB72C80C1861C9F100ED6700 /* KTNetworkingUtilities.h */ = {isa = PBXFileReference; fileEncoding = 4; lastKnownFileType = sourcecode.c.h; path = KTNetworkingUtilities.h; sourceTree = "<group>"; };
		EB72C80D1861C9F100ED6700 /* KTNetworkingUtilities.m */ = {isa = PBXFileReference; fileEncoding = 4; lastKnownFileType = sourcecode.c.objc; path = KTNetworkingUtilities.m; sourceTree = "<group>"; };
		EB72C80E1861C9F100ED6700 /* KTUtilities.h */ = {isa = PBXFileReference; fileEncoding = 4; lastKnownFileType = sourcecode.c.h; path = KTUtilities.h; sourceTree = "<group>"; };
		EB72C80F1861C9F100ED6700 /* LICENSE */ = {isa = PBXFileReference; fileEncoding = 4; lastKnownFileType = text; path = LICENSE; sourceTree = "<group>"; };
		EB72C8101861C9F100ED6700 /* README.md */ = {isa = PBXFileReference; fileEncoding = 4; lastKnownFileType = text; path = README.md; sourceTree = "<group>"; };
		EBD6FB80185681F700632BDE /* Level.h */ = {isa = PBXFileReference; fileEncoding = 4; lastKnownFileType = sourcecode.c.h; name = Level.h; path = ../Level.h; sourceTree = "<group>"; };
		EBD6FB81185681F700632BDE /* Level.m */ = {isa = PBXFileReference; fileEncoding = 4; lastKnownFileType = sourcecode.c.objc; name = Level.m; path = ../Level.m; sourceTree = "<group>"; };
		EBF174891859EFB700F5D975 /* player1.png */ = {isa = PBXFileReference; lastKnownFileType = image.png; path = player1.png; sourceTree = "<group>"; };
		EBF1748D1859EFE700F5D975 /* player2.png */ = {isa = PBXFileReference; lastKnownFileType = image.png; path = player2.png; sourceTree = "<group>"; };
		EBF1748F1859F0AC00F5D975 /* virus1.png */ = {isa = PBXFileReference; lastKnownFileType = image.png; path = virus1.png; sourceTree = "<group>"; };
		EBF174931859F10200F5D975 /* virus2.png */ = {isa = PBXFileReference; lastKnownFileType = image.png; path = virus2.png; sourceTree = "<group>"; };
		EBF174951859F24D00F5D975 /* viralDNA.png */ = {isa = PBXFileReference; lastKnownFileType = image.png; path = viralDNA.png; sourceTree = "<group>"; };
		EBF174971859F2DA00F5D975 /* acid.png */ = {isa = PBXFileReference; lastKnownFileType = image.png; path = acid.png; sourceTree = "<group>"; };
		EBF174991859F75A00F5D975 /* wall1.png */ = {isa = PBXFileReference; lastKnownFileType = image.png; path = wall1.png; sourceTree = "<group>"; };
		EBF1749B1859F7B000F5D975 /* wall2.png */ = {isa = PBXFileReference; lastKnownFileType = image.png; path = wall2.png; sourceTree = "<group>"; };
/* End PBXFileReference section */

/* Begin PBXFrameworksBuildPhase section */
		EB46C7E71855F94400A935AA /* Frameworks */ = {
			isa = PBXFrameworksBuildPhase;
			buildActionMask = 2147483647;
			files = (
				EB72C78D1861C90900ED6700 /* Twitter.framework in Frameworks */,
				EB72C78B1861C8E700ED6700 /* Accounts.framework in Frameworks */,
				EB72C7891861C8C000ED6700 /* MobileCoreServices.framework in Frameworks */,
				EB46C7F01855F94400A935AA /* CoreGraphics.framework in Frameworks */,
				EB46C7F21855F94400A935AA /* UIKit.framework in Frameworks */,
				EB46C7F41855F94400A935AA /* SpriteKit.framework in Frameworks */,
				EB46C7EE1855F94400A935AA /* Foundation.framework in Frameworks */,
				EB72C7871861C88F00ED6700 /* KiiSDK.framework in Frameworks */,
			);
			runOnlyForDeploymentPostprocessing = 0;
		};
		EB46C80F1855F94400A935AA /* Frameworks */ = {
			isa = PBXFrameworksBuildPhase;
			buildActionMask = 2147483647;
			files = (
				EB46C8141855F94400A935AA /* XCTest.framework in Frameworks */,
				EB46C8161855F94400A935AA /* UIKit.framework in Frameworks */,
				EB46C8151855F94400A935AA /* Foundation.framework in Frameworks */,
			);
			runOnlyForDeploymentPostprocessing = 0;
		};
/* End PBXFrameworksBuildPhase section */

/* Begin PBXGroup section */
		EB46C7E11855F94400A935AA = {
			isa = PBXGroup;
			children = (
				EB72C78E1861C9F100ED6700 /* KiiToolkit-iOS */,
				EB46C7F51855F94400A935AA /* CellDefence */,
				EB46C8191855F94400A935AA /* CellDefenceTests */,
				EB46C7EC1855F94400A935AA /* Frameworks */,
				EB46C7EB1855F94400A935AA /* Products */,
			);
			sourceTree = "<group>";
		};
		EB46C7EB1855F94400A935AA /* Products */ = {
			isa = PBXGroup;
			children = (
				EB46C7EA1855F94400A935AA /* CellDefence.app */,
				EB46C8121855F94400A935AA /* CellDefenceTests.xctest */,
			);
			name = Products;
			sourceTree = "<group>";
		};
		EB46C7EC1855F94400A935AA /* Frameworks */ = {
			isa = PBXGroup;
			children = (
				EB72C78C1861C90900ED6700 /* Twitter.framework */,
				EB72C78A1861C8E700ED6700 /* Accounts.framework */,
				EB72C7881861C8C000ED6700 /* MobileCoreServices.framework */,
				EB72C7861861C88F00ED6700 /* KiiSDK.framework */,
				EB46C7ED1855F94400A935AA /* Foundation.framework */,
				EB46C7EF1855F94400A935AA /* CoreGraphics.framework */,
				EB46C7F11855F94400A935AA /* UIKit.framework */,
				EB46C7F31855F94400A935AA /* SpriteKit.framework */,
				EB46C8131855F94400A935AA /* XCTest.framework */,
			);
			name = Frameworks;
			sourceTree = "<group>";
		};
		EB46C7F51855F94400A935AA /* CellDefence */ = {
			isa = PBXGroup;
			children = (
				EB46C8011855F94400A935AA /* Main.storyboard */,
				EB46C8041855F94400A935AA /* GameViewController.h */,
				EB46C8051855F94400A935AA /* GameViewController.m */,
				EB46C8071855F94400A935AA /* InGameScene.h */,
				EB46C8081855F94400A935AA /* InGameScene.m */,
				EB46C82C185600D000A935AA /* Classes */,
				EB46C80C1855F94400A935AA /* Images.xcassets */,
				EB46C7F61855F94400A935AA /* Supporting Files */,
			);
			path = CellDefence;
			sourceTree = "<group>";
		};
		EB46C7F61855F94400A935AA /* Supporting Files */ = {
			isa = PBXGroup;
			children = (
				EBF1749B1859F7B000F5D975 /* wall2.png */,
				EBF174991859F75A00F5D975 /* wall1.png */,
				EBF174971859F2DA00F5D975 /* acid.png */,
				EBF174951859F24D00F5D975 /* viralDNA.png */,
				EBF1748F1859F0AC00F5D975 /* virus1.png */,
				EBF174931859F10200F5D975 /* virus2.png */,
				EBF174891859EFB700F5D975 /* player1.png */,
				EBF1748D1859EFE700F5D975 /* player2.png */,
				EB46C7FE1855F94400A935AA /* AppDelegate.h */,
				EB46C7FF1855F94400A935AA /* AppDelegate.m */,
				EB46C7F71855F94400A935AA /* CellDefence-Info.plist */,
				EB46C7F81855F94400A935AA /* InfoPlist.strings */,
				EB46C7FB1855F94400A935AA /* main.m */,
				EB46C7FD1855F94400A935AA /* CellDefence-Prefix.pch */,
			);
			name = "Supporting Files";
			sourceTree = "<group>";
		};
		EB46C8191855F94400A935AA /* CellDefenceTests */ = {
			isa = PBXGroup;
			children = (
				EB46C81F1855F94400A935AA /* CellDefenceTests.m */,
				EB46C81A1855F94400A935AA /* Supporting Files */,
			);
			path = CellDefenceTests;
			sourceTree = "<group>";
		};
		EB46C81A1855F94400A935AA /* Supporting Files */ = {
			isa = PBXGroup;
			children = (
				EB46C81B1855F94400A935AA /* CellDefenceTests-Info.plist */,
				EB46C81C1855F94400A935AA /* InfoPlist.strings */,
			);
			name = "Supporting Files";
			sourceTree = "<group>";
		};
		EB46C82C185600D000A935AA /* Classes */ = {
			isa = PBXGroup;
			children = (
				EB46C853185648DB00A935AA /* Object.h */,
				EB46C854185648DB00A935AA /* Object.m */,
				EB2E944E1857795B00D78A1E /* Cell.h */,
				EB2E944F1857795B00D78A1E /* Cell.m */,
				EB46C829185600AC00A935AA /* Microbe.h */,
				EB46C82A185600AC00A935AA /* Microbe.m */,
				EBD6FB80185681F700632BDE /* Level.h */,
				EBD6FB81185681F700632BDE /* Level.m */,
			);
			name = Classes;
			sourceTree = "<group>";
		};
		EB72C78E1861C9F100ED6700 /* KiiToolkit-iOS */ = {
			isa = PBXGroup;
			children = (
				EB72C78F1861C9F100ED6700 /* .gitignore */,
				EB72C7901861C9F100ED6700 /* Documentation */,
				EB72C7BA1861C9F100ED6700 /* KiiToolkit.h */,
				EB72C7BB1861C9F100ED6700 /* KiiToolkit.podspec */,
				EB72C7BC1861C9F100ED6700 /* KTAppRater */,
				EB72C7BF1861C9F100ED6700 /* KTLoginViewController */,
				EB72C7CD1861C9F100ED6700 /* KTTableViewController */,
				EB72C7D21861C9F100ED6700 /* KTUI */,
				EB72C7F31861C9F100ED6700 /* KTUtilities */,
				EB72C80F1861C9F100ED6700 /* LICENSE */,
				EB72C8101861C9F100ED6700 /* README.md */,
			);
			path = "KiiToolkit-iOS";
			sourceTree = "<group>";
		};
		EB72C7901861C9F100ED6700 /* Documentation */ = {
			isa = PBXGroup;
			children = (
				EB72C7911861C9F100ED6700 /* doc_creation.sh */,
				EB72C7921861C9F100ED6700 /* html */,
			);
			path = Documentation;
			sourceTree = "<group>";
		};
		EB72C7921861C9F100ED6700 /* html */ = {
			isa = PBXGroup;
			children = (
				EB72C7931861C9F100ED6700 /* Categories */,
				EB72C79B1861C9F100ED6700 /* Classes */,
				EB72C7AC1861C9F100ED6700 /* css */,
				EB72C7AF1861C9F100ED6700 /* hierarchy.html */,
				EB72C7B01861C9F100ED6700 /* img */,
				EB72C7B61861C9F100ED6700 /* index.html */,
				EB72C7B71861C9F100ED6700 /* Protocols */,
			);
			path = html;
			sourceTree = "<group>";
		};
		EB72C7931861C9F100ED6700 /* Categories */ = {
			isa = PBXGroup;
			children = (
				EB72C7941861C9F100ED6700 /* NSArray+KTUtilities.html */,
				EB72C7951861C9F100ED6700 /* NSDate+KTUtilities.html */,
				EB72C7961861C9F100ED6700 /* NSMutableArray+KTUtilities.html */,
				EB72C7971861C9F100ED6700 /* NSString+KTUtilities.html */,
				EB72C7981861C9F100ED6700 /* UIColor+KTUtilities.html */,
				EB72C7991861C9F100ED6700 /* UIImage+KTUtilities.html */,
				EB72C79A1861C9F100ED6700 /* UIView+KTUtilities.html */,
			);
			path = Categories;
			sourceTree = "<group>";
		};
		EB72C79B1861C9F100ED6700 /* Classes */ = {
			isa = PBXGroup;
			children = (
				EB72C79C1861C9F100ED6700 /* KTAlert.html */,
				EB72C79D1861C9F100ED6700 /* KTAlertBar.html */,
				EB72C79E1861C9F100ED6700 /* KTAlertToast.html */,
				EB72C79F1861C9F100ED6700 /* KTAppRater.html */,
				EB72C7A01861C9F100ED6700 /* KTButton.html */,
				EB72C7A11861C9F100ED6700 /* KTCircularProgressIndicator.html */,
				EB72C7A21861C9F100ED6700 /* KTDevice.html */,
				EB72C7A31861C9F100ED6700 /* KTForgotPasswordViewController.html */,
				EB72C7A41861C9F100ED6700 /* KTImageView.html */,
				EB72C7A51861C9F100ED6700 /* KTLoader.html */,
				EB72C7A61861C9F100ED6700 /* KTLoginViewController.html */,
				EB72C7A71861C9F100ED6700 /* KTNetworkingUtilities.html */,
				EB72C7A81861C9F100ED6700 /* KTProgressIndicator.html */,
				EB72C7A91861C9F100ED6700 /* KTRegistrationViewController.html */,
				EB72C7AA1861C9F100ED6700 /* KTTableViewController.html */,
				EB72C7AB1861C9F100ED6700 /* KTTextField.html */,
			);
			path = Classes;
			sourceTree = "<group>";
		};
		EB72C7AC1861C9F100ED6700 /* css */ = {
			isa = PBXGroup;
			children = (
				EB72C7AD1861C9F100ED6700 /* styles.css */,
				EB72C7AE1861C9F100ED6700 /* stylesPrint.css */,
			);
			path = css;
			sourceTree = "<group>";
		};
		EB72C7B01861C9F100ED6700 /* img */ = {
			isa = PBXGroup;
			children = (
				EB72C7B11861C9F100ED6700 /* button_bar_background.png */,
				EB72C7B21861C9F100ED6700 /* disclosure.png */,
				EB72C7B31861C9F100ED6700 /* disclosure_open.png */,
				EB72C7B41861C9F100ED6700 /* library_background.png */,
				EB72C7B51861C9F100ED6700 /* title_background.png */,
			);
			path = img;
			sourceTree = "<group>";
		};
		EB72C7B71861C9F100ED6700 /* Protocols */ = {
			isa = PBXGroup;
			children = (
				EB72C7B81861C9F100ED6700 /* KTLoginViewDelegate.html */,
				EB72C7B91861C9F100ED6700 /* KTTableViewDelegate.html */,
			);
			path = Protocols;
			sourceTree = "<group>";
		};
		EB72C7BC1861C9F100ED6700 /* KTAppRater */ = {
			isa = PBXGroup;
			children = (
				EB72C7BD1861C9F100ED6700 /* KTAppRater.h */,
				EB72C7BE1861C9F100ED6700 /* KTAppRater.m */,
			);
			path = KTAppRater;
			sourceTree = "<group>";
		};
		EB72C7BF1861C9F100ED6700 /* KTLoginViewController */ = {
			isa = PBXGroup;
			children = (
				EB72C7C01861C9F100ED6700 /* images */,
				EB72C7C71861C9F100ED6700 /* KTForgotPasswordViewController.h */,
				EB72C7C81861C9F100ED6700 /* KTForgotPasswordViewController.m */,
				EB72C7C91861C9F100ED6700 /* KTLoginViewController.h */,
				EB72C7CA1861C9F100ED6700 /* KTLoginViewController.m */,
				EB72C7CB1861C9F100ED6700 /* KTRegistrationViewController.h */,
				EB72C7CC1861C9F100ED6700 /* KTRegistrationViewController.m */,
			);
			path = KTLoginViewController;
			sourceTree = "<group>";
		};
		EB72C7C01861C9F100ED6700 /* images */ = {
			isa = PBXGroup;
			children = (
				EB72C7C11861C9F100ED6700 /* kt_login_bg.png */,
				EB72C7C21861C9F100ED6700 /* kt_login_bg@2x.png */,
				EB72C7C31861C9F100ED6700 /* kt_login_close.png */,
				EB72C7C41861C9F100ED6700 /* kt_login_close@2x.png */,
				EB72C7C51861C9F100ED6700 /* kt_login_kii_logo.png */,
				EB72C7C61861C9F100ED6700 /* kt_login_kii_logo@2x.png */,
			);
			path = images;
			sourceTree = "<group>";
		};
		EB72C7CD1861C9F100ED6700 /* KTTableViewController */ = {
			isa = PBXGroup;
			children = (
				EB72C7CE1861C9F100ED6700 /* CKRefreshArrowView.h */,
				EB72C7CF1861C9F100ED6700 /* CKRefreshArrowView.m */,
				EB72C7D01861C9F100ED6700 /* KTTableViewController.h */,
				EB72C7D11861C9F100ED6700 /* KTTableViewController.m */,
			);
			path = KTTableViewController;
			sourceTree = "<group>";
		};
		EB72C7D21861C9F100ED6700 /* KTUI */ = {
			isa = PBXGroup;
			children = (
				EB72C7D31861C9F100ED6700 /* KTAlert */,
				EB72C7DB1861C9F100ED6700 /* KTButton */,
				EB72C7DE1861C9F100ED6700 /* KTCircularProgressIndicator */,
				EB72C7E11861C9F100ED6700 /* KTImageView */,
				EB72C7E41861C9F100ED6700 /* KTLoader */,
				EB72C7EC1861C9F100ED6700 /* KTProgressBar */,
				EB72C7EF1861C9F100ED6700 /* KTTextField */,
				EB72C7F21861C9F100ED6700 /* KTUI.h */,
			);
			path = KTUI;
			sourceTree = "<group>";
		};
		EB72C7D31861C9F100ED6700 /* KTAlert */ = {
			isa = PBXGroup;
			children = (
				EB72C7D41861C9F100ED6700 /* KTAlert.h */,
				EB72C7D51861C9F100ED6700 /* KTAlert.m */,
				EB72C7D61861C9F100ED6700 /* KTAlertType */,
			);
			path = KTAlert;
			sourceTree = "<group>";
		};
		EB72C7D61861C9F100ED6700 /* KTAlertType */ = {
			isa = PBXGroup;
			children = (
				EB72C7D71861C9F100ED6700 /* KTAlertBar.h */,
				EB72C7D81861C9F100ED6700 /* KTAlertBar.m */,
				EB72C7D91861C9F100ED6700 /* KTAlertToast.h */,
				EB72C7DA1861C9F100ED6700 /* KTAlertToast.m */,
			);
			path = KTAlertType;
			sourceTree = "<group>";
		};
		EB72C7DB1861C9F100ED6700 /* KTButton */ = {
			isa = PBXGroup;
			children = (
				EB72C7DC1861C9F100ED6700 /* KTButton.h */,
				EB72C7DD1861C9F100ED6700 /* KTButton.m */,
			);
			path = KTButton;
			sourceTree = "<group>";
		};
		EB72C7DE1861C9F100ED6700 /* KTCircularProgressIndicator */ = {
			isa = PBXGroup;
			children = (
				EB72C7DF1861C9F100ED6700 /* KTCircularProgressIndicator.h */,
				EB72C7E01861C9F100ED6700 /* KTCircularProgressIndicator.m */,
			);
			path = KTCircularProgressIndicator;
			sourceTree = "<group>";
		};
		EB72C7E11861C9F100ED6700 /* KTImageView */ = {
			isa = PBXGroup;
			children = (
				EB72C7E21861C9F100ED6700 /* KTImageView.h */,
				EB72C7E31861C9F100ED6700 /* KTImageView.m */,
			);
			path = KTImageView;
			sourceTree = "<group>";
		};
		EB72C7E41861C9F100ED6700 /* KTLoader */ = {
			isa = PBXGroup;
			children = (
				EB72C7E51861C9F100ED6700 /* images */,
				EB72C7EA1861C9F100ED6700 /* KTLoader.h */,
				EB72C7EB1861C9F100ED6700 /* KTLoader.m */,
			);
			path = KTLoader;
			sourceTree = "<group>";
		};
		EB72C7E51861C9F100ED6700 /* images */ = {
			isa = PBXGroup;
			children = (
				EB72C7E61861C9F100ED6700 /* failure-indicator.png */,
				EB72C7E71861C9F100ED6700 /* failure-indicator@2x.png */,
				EB72C7E81861C9F100ED6700 /* success-indicator.png */,
				EB72C7E91861C9F100ED6700 /* success-indicator@2x.png */,
			);
			path = images;
			sourceTree = "<group>";
		};
		EB72C7EC1861C9F100ED6700 /* KTProgressBar */ = {
			isa = PBXGroup;
			children = (
				EB72C7ED1861C9F100ED6700 /* KTProgressIndicator.h */,
				EB72C7EE1861C9F100ED6700 /* KTProgressIndicator.m */,
			);
			path = KTProgressBar;
			sourceTree = "<group>";
		};
		EB72C7EF1861C9F100ED6700 /* KTTextField */ = {
			isa = PBXGroup;
			children = (
				EB72C7F01861C9F100ED6700 /* KTTextField.h */,
				EB72C7F11861C9F100ED6700 /* KTTextField.m */,
			);
			path = KTTextField;
			sourceTree = "<group>";
		};
		EB72C7F31861C9F100ED6700 /* KTUtilities */ = {
			isa = PBXGroup;
			children = (
				EB72C7F41861C9F100ED6700 /* Categories */,
				EB72C80A1861C9F100ED6700 /* KTDevice.h */,
				EB72C80B1861C9F100ED6700 /* KTDevice.m */,
				EB72C80C1861C9F100ED6700 /* KTNetworkingUtilities.h */,
				EB72C80D1861C9F100ED6700 /* KTNetworkingUtilities.m */,
				EB72C80E1861C9F100ED6700 /* KTUtilities.h */,
			);
			path = KTUtilities;
			sourceTree = "<group>";
		};
		EB72C7F41861C9F100ED6700 /* Categories */ = {
			isa = PBXGroup;
			children = (
				EB72C7F51861C9F100ED6700 /* NSArray */,
				EB72C7F81861C9F100ED6700 /* NSDate */,
				EB72C7FB1861C9F100ED6700 /* NSMutableArray */,
				EB72C7FE1861C9F100ED6700 /* NSString */,
				EB72C8011861C9F100ED6700 /* UIColor */,
				EB72C8041861C9F100ED6700 /* UIImage */,
				EB72C8071861C9F100ED6700 /* UIView */,
			);
			path = Categories;
			sourceTree = "<group>";
		};
		EB72C7F51861C9F100ED6700 /* NSArray */ = {
			isa = PBXGroup;
			children = (
				EB72C7F61861C9F100ED6700 /* NSArray+KTUtilities.h */,
				EB72C7F71861C9F100ED6700 /* NSArray+KTUtilities.m */,
			);
			path = NSArray;
			sourceTree = "<group>";
		};
		EB72C7F81861C9F100ED6700 /* NSDate */ = {
			isa = PBXGroup;
			children = (
				EB72C7F91861C9F100ED6700 /* NSDate+KTUtilities.h */,
				EB72C7FA1861C9F100ED6700 /* NSDate+KTUtilities.m */,
			);
			path = NSDate;
			sourceTree = "<group>";
		};
		EB72C7FB1861C9F100ED6700 /* NSMutableArray */ = {
			isa = PBXGroup;
			children = (
				EB72C7FC1861C9F100ED6700 /* NSMutableArray+KTUtilities.h */,
				EB72C7FD1861C9F100ED6700 /* NSMutableArray+KTUtilities.m */,
			);
			path = NSMutableArray;
			sourceTree = "<group>";
		};
		EB72C7FE1861C9F100ED6700 /* NSString */ = {
			isa = PBXGroup;
			children = (
				EB72C7FF1861C9F100ED6700 /* NSString+KTUtilities.h */,
				EB72C8001861C9F100ED6700 /* NSString+KTUtilities.m */,
			);
			path = NSString;
			sourceTree = "<group>";
		};
		EB72C8011861C9F100ED6700 /* UIColor */ = {
			isa = PBXGroup;
			children = (
				EB72C8021861C9F100ED6700 /* UIColor+KTUtilities.h */,
				EB72C8031861C9F100ED6700 /* UIColor+KTUtilities.m */,
			);
			path = UIColor;
			sourceTree = "<group>";
		};
		EB72C8041861C9F100ED6700 /* UIImage */ = {
			isa = PBXGroup;
			children = (
				EB72C8051861C9F100ED6700 /* UIImage+KTUtilities.h */,
				EB72C8061861C9F100ED6700 /* UIImage+KTUtilities.m */,
			);
			path = UIImage;
			sourceTree = "<group>";
		};
		EB72C8071861C9F100ED6700 /* UIView */ = {
			isa = PBXGroup;
			children = (
				EB72C8081861C9F100ED6700 /* UIView+KTUtilities.h */,
				EB72C8091861C9F100ED6700 /* UIView+KTUtilities.m */,
			);
			path = UIView;
			sourceTree = "<group>";
		};
/* End PBXGroup section */

/* Begin PBXNativeTarget section */
		EB46C7E91855F94400A935AA /* CellDefence */ = {
			isa = PBXNativeTarget;
			buildConfigurationList = EB46C8231855F94400A935AA /* Build configuration list for PBXNativeTarget "CellDefence" */;
			buildPhases = (
				EB46C7E61855F94400A935AA /* Sources */,
				EB46C7E71855F94400A935AA /* Frameworks */,
				EB46C7E81855F94400A935AA /* Resources */,
			);
			buildRules = (
			);
			dependencies = (
			);
			name = CellDefence;
			productName = CellDefence;
			productReference = EB46C7EA1855F94400A935AA /* CellDefence.app */;
			productType = "com.apple.product-type.application";
		};
		EB46C8111855F94400A935AA /* CellDefenceTests */ = {
			isa = PBXNativeTarget;
			buildConfigurationList = EB46C8261855F94400A935AA /* Build configuration list for PBXNativeTarget "CellDefenceTests" */;
			buildPhases = (
				EB46C80E1855F94400A935AA /* Sources */,
				EB46C80F1855F94400A935AA /* Frameworks */,
				EB46C8101855F94400A935AA /* Resources */,
			);
			buildRules = (
			);
			dependencies = (
				EB46C8181855F94400A935AA /* PBXTargetDependency */,
			);
			name = CellDefenceTests;
			productName = CellDefenceTests;
			productReference = EB46C8121855F94400A935AA /* CellDefenceTests.xctest */;
			productType = "com.apple.product-type.bundle.unit-test";
		};
/* End PBXNativeTarget section */

/* Begin PBXProject section */
		EB46C7E21855F94400A935AA /* Project object */ = {
			isa = PBXProject;
			attributes = {
				LastUpgradeCheck = 0500;
				ORGANIZATIONNAME = "Attila Csala";
				TargetAttributes = {
					EB46C8111855F94400A935AA = {
						TestTargetID = EB46C7E91855F94400A935AA;
					};
				};
			};
			buildConfigurationList = EB46C7E51855F94400A935AA /* Build configuration list for PBXProject "CellDefence" */;
			compatibilityVersion = "Xcode 3.2";
			developmentRegion = English;
			hasScannedForEncodings = 0;
			knownRegions = (
				en,
				Base,
			);
			mainGroup = EB46C7E11855F94400A935AA;
			productRefGroup = EB46C7EB1855F94400A935AA /* Products */;
			projectDirPath = "";
			projectRoot = "";
			targets = (
				EB46C7E91855F94400A935AA /* CellDefence */,
				EB46C8111855F94400A935AA /* CellDefenceTests */,
			);
		};
/* End PBXProject section */

/* Begin PBXResourcesBuildPhase section */
		EB46C7E81855F94400A935AA /* Resources */ = {
			isa = PBXResourcesBuildPhase;
			buildActionMask = 2147483647;
			files = (
				EB72C8251861C9F100ED6700 /* KTNetworkingUtilities.html in Resources */,
				EB72C8331861C9F100ED6700 /* KTLoginViewDelegate.html in Resources */,
				EB72C8221861C9F100ED6700 /* KTImageView.html in Resources */,
				EBF174961859F24D00F5D975 /* viralDNA.png in Resources */,
				EB72C82D1861C9F100ED6700 /* button_bar_background.png in Resources */,
				EB72C8141861C9F100ED6700 /* NSDate+KTUtilities.html in Resources */,
				EB72C8341861C9F100ED6700 /* KTTableViewDelegate.html in Resources */,
				EB72C8301861C9F100ED6700 /* library_background.png in Resources */,
				EB72C8201861C9F100ED6700 /* KTDevice.html in Resources */,
				EB72C84A1861C9F100ED6700 /* success-indicator.png in Resources */,
				EB72C84B1861C9F100ED6700 /* success-indicator@2x.png in Resources */,
				EB72C82B1861C9F100ED6700 /* stylesPrint.css in Resources */,
				EB72C8281861C9F100ED6700 /* KTTableViewController.html in Resources */,
				EB72C82C1861C9F100ED6700 /* hierarchy.html in Resources */,
				EB72C81E1861C9F100ED6700 /* KTButton.html in Resources */,
				EB72C8291861C9F100ED6700 /* KTTextField.html in Resources */,
				EB72C8171861C9F100ED6700 /* UIColor+KTUtilities.html in Resources */,
				EB72C8151861C9F100ED6700 /* NSMutableArray+KTUtilities.html in Resources */,
				EBF1748E1859EFE700F5D975 /* player2.png in Resources */,
				EB72C8351861C9F100ED6700 /* KiiToolkit.podspec in Resources */,
				EB72C8261861C9F100ED6700 /* KTProgressIndicator.html in Resources */,
				EBF1749C1859F7B000F5D975 /* wall2.png in Resources */,
				EB72C8381861C9F100ED6700 /* kt_login_bg@2x.png in Resources */,
				EB46C7FA1855F94400A935AA /* InfoPlist.strings in Resources */,
				EB72C8111861C9F100ED6700 /* .gitignore in Resources */,
				EBF174941859F10200F5D975 /* virus2.png in Resources */,
				EB72C81F1861C9F100ED6700 /* KTCircularProgressIndicator.html in Resources */,
				EB72C8211861C9F100ED6700 /* KTForgotPasswordViewController.html in Resources */,
				EB72C8181861C9F100ED6700 /* UIImage+KTUtilities.html in Resources */,
				EBF174911859F0AC00F5D975 /* virus1.png in Resources */,
				EB72C8231861C9F100ED6700 /* KTLoader.html in Resources */,
				EB46C80D1855F94400A935AA /* Images.xcassets in Resources */,
				EB72C83A1861C9F100ED6700 /* kt_login_close@2x.png in Resources */,
				EBF174981859F2DA00F5D975 /* acid.png in Resources */,
				EB72C82E1861C9F100ED6700 /* disclosure.png in Resources */,
				EB72C8271861C9F100ED6700 /* KTRegistrationViewController.html in Resources */,
				EB72C8191861C9F100ED6700 /* UIView+KTUtilities.html in Resources */,
				EB72C8321861C9F100ED6700 /* index.html in Resources */,
				EB72C81C1861C9F100ED6700 /* KTAlertToast.html in Resources */,
				EB72C8391861C9F100ED6700 /* kt_login_close.png in Resources */,
				EB72C83C1861C9F100ED6700 /* kt_login_kii_logo@2x.png in Resources */,
				EB72C83B1861C9F100ED6700 /* kt_login_kii_logo.png in Resources */,
				EB72C8591861C9F100ED6700 /* README.md in Resources */,
				EB72C81A1861C9F100ED6700 /* KTAlert.html in Resources */,
				EB72C8241861C9F100ED6700 /* KTLoginViewController.html in Resources */,
				EB72C81D1861C9F100ED6700 /* KTAppRater.html in Resources */,
				EB72C8371861C9F100ED6700 /* kt_login_bg.png in Resources */,
				EB72C8161861C9F100ED6700 /* NSString+KTUtilities.html in Resources */,
				EB72C8121861C9F100ED6700 /* doc_creation.sh in Resources */,
				EB72C8311861C9F100ED6700 /* title_background.png in Resources */,
				EBF1748B1859EFB700F5D975 /* player1.png in Resources */,
				EB72C8131861C9F100ED6700 /* NSArray+KTUtilities.html in Resources */,
				EB46C8031855F94400A935AA /* Main.storyboard in Resources */,
				EB72C81B1861C9F100ED6700 /* KTAlertBar.html in Resources */,
				EB72C8581861C9F100ED6700 /* LICENSE in Resources */,
				EB72C82A1861C9F100ED6700 /* styles.css in Resources */,
				EB72C82F1861C9F100ED6700 /* disclosure_open.png in Resources */,
				EBF1749A1859F75A00F5D975 /* wall1.png in Resources */,
				EB72C8481861C9F100ED6700 /* failure-indicator.png in Resources */,
				EB72C8491861C9F100ED6700 /* failure-indicator@2x.png in Resources */,
			);
			runOnlyForDeploymentPostprocessing = 0;
		};
		EB46C8101855F94400A935AA /* Resources */ = {
			isa = PBXResourcesBuildPhase;
			buildActionMask = 2147483647;
			files = (
				EB46C81E1855F94400A935AA /* InfoPlist.strings in Resources */,
			);
			runOnlyForDeploymentPostprocessing = 0;
		};
/* End PBXResourcesBuildPhase section */

/* Begin PBXSourcesBuildPhase section */
		EB46C7E61855F94400A935AA /* Sources */ = {
			isa = PBXSourcesBuildPhase;
			buildActionMask = 2147483647;
			files = (
				EB72C8421861C9F100ED6700 /* KTAlert.m in Sources */,
				EB72C84E1861C9F100ED6700 /* KTTextField.m in Sources */,
				EB72C84D1861C9F100ED6700 /* KTProgressIndicator.m in Sources */,
				EB46C855185648DB00A935AA /* Object.m in Sources */,
				EB2E94501857795B00D78A1E /* Cell.m in Sources */,
				EB72C8501861C9F100ED6700 /* NSDate+KTUtilities.m in Sources */,
				EB72C8431861C9F100ED6700 /* KTAlertBar.m in Sources */,
				EB72C8531861C9F100ED6700 /* UIColor+KTUtilities.m in Sources */,
				EB72C8561861C9F100ED6700 /* KTDevice.m in Sources */,
				EB72C8451861C9F100ED6700 /* KTButton.m in Sources */,
				EB72C8401861C9F100ED6700 /* CKRefreshArrowView.m in Sources */,
				EB46C8091855F94400A935AA /* InGameScene.m in Sources */,
				EB72C83E1861C9F100ED6700 /* KTLoginViewController.m in Sources */,
				EB46C8061855F94400A935AA /* GameViewController.m in Sources */,
				EB72C8471861C9F100ED6700 /* KTImageView.m in Sources */,
				EB72C8511861C9F100ED6700 /* NSMutableArray+KTUtilities.m in Sources */,
				EB46C8001855F94400A935AA /* AppDelegate.m in Sources */,
				EB72C83F1861C9F100ED6700 /* KTRegistrationViewController.m in Sources */,
				EB72C8411861C9F100ED6700 /* KTTableViewController.m in Sources */,
				EB72C8361861C9F100ED6700 /* KTAppRater.m in Sources */,
				EB72C8521861C9F100ED6700 /* NSString+KTUtilities.m in Sources */,
				EB72C8571861C9F100ED6700 /* KTNetworkingUtilities.m in Sources */,
				EB72C84C1861C9F100ED6700 /* KTLoader.m in Sources */,
				EB72C8441861C9F100ED6700 /* KTAlertToast.m in Sources */,
				EB46C82B185600AC00A935AA /* Microbe.m in Sources */,
				EB72C8541861C9F100ED6700 /* UIImage+KTUtilities.m in Sources */,
				EBD6FB82185681F700632BDE /* Level.m in Sources */,
				EB72C8461861C9F100ED6700 /* KTCircularProgressIndicator.m in Sources */,
				EB72C83D1861C9F100ED6700 /* KTForgotPasswordViewController.m in Sources */,
				EB72C84F1861C9F100ED6700 /* NSArray+KTUtilities.m in Sources */,
				EB72C8551861C9F100ED6700 /* UIView+KTUtilities.m in Sources */,
				EB46C7FC1855F94400A935AA /* main.m in Sources */,
			);
			runOnlyForDeploymentPostprocessing = 0;
		};
		EB46C80E1855F94400A935AA /* Sources */ = {
			isa = PBXSourcesBuildPhase;
			buildActionMask = 2147483647;
			files = (
				EB46C8201855F94400A935AA /* CellDefenceTests.m in Sources */,
			);
			runOnlyForDeploymentPostprocessing = 0;
		};
/* End PBXSourcesBuildPhase section */

/* Begin PBXTargetDependency section */
		EB46C8181855F94400A935AA /* PBXTargetDependency */ = {
			isa = PBXTargetDependency;
			target = EB46C7E91855F94400A935AA /* CellDefence */;
			targetProxy = EB46C8171855F94400A935AA /* PBXContainerItemProxy */;
		};
/* End PBXTargetDependency section */

/* Begin PBXVariantGroup section */
		EB46C7F81855F94400A935AA /* InfoPlist.strings */ = {
			isa = PBXVariantGroup;
			children = (
				EB46C7F91855F94400A935AA /* en */,
			);
			name = InfoPlist.strings;
			sourceTree = "<group>";
		};
		EB46C8011855F94400A935AA /* Main.storyboard */ = {
			isa = PBXVariantGroup;
			children = (
				EB46C8021855F94400A935AA /* Base */,
			);
			name = Main.storyboard;
			sourceTree = "<group>";
		};
		EB46C81C1855F94400A935AA /* InfoPlist.strings */ = {
			isa = PBXVariantGroup;
			children = (
				EB46C81D1855F94400A935AA /* en */,
			);
			name = InfoPlist.strings;
			sourceTree = "<group>";
		};
/* End PBXVariantGroup section */

/* Begin XCBuildConfiguration section */
		EB46C8211855F94400A935AA /* Debug */ = {
			isa = XCBuildConfiguration;
			buildSettings = {
				ALWAYS_SEARCH_USER_PATHS = NO;
				ARCHS = "$(ARCHS_STANDARD_INCLUDING_64_BIT)";
				CLANG_CXX_LANGUAGE_STANDARD = "gnu++0x";
				CLANG_CXX_LIBRARY = "libc++";
				CLANG_ENABLE_MODULES = YES;
				CLANG_ENABLE_OBJC_ARC = YES;
				CLANG_WARN_BOOL_CONVERSION = YES;
				CLANG_WARN_CONSTANT_CONVERSION = YES;
				CLANG_WARN_DIRECT_OBJC_ISA_USAGE = YES_ERROR;
				CLANG_WARN_EMPTY_BODY = YES;
				CLANG_WARN_ENUM_CONVERSION = YES;
				CLANG_WARN_INT_CONVERSION = YES;
				CLANG_WARN_OBJC_ROOT_CLASS = YES_ERROR;
				CLANG_WARN__DUPLICATE_METHOD_MATCH = YES;
				"CODE_SIGN_IDENTITY[sdk=iphoneos*]" = "iPhone Developer";
				COPY_PHASE_STRIP = NO;
				GCC_C_LANGUAGE_STANDARD = gnu99;
				GCC_DYNAMIC_NO_PIC = NO;
				GCC_OPTIMIZATION_LEVEL = 0;
				GCC_PREPROCESSOR_DEFINITIONS = (
					"DEBUG=1",
					"$(inherited)",
				);
				GCC_SYMBOLS_PRIVATE_EXTERN = NO;
				GCC_WARN_64_TO_32_BIT_CONVERSION = YES;
				GCC_WARN_ABOUT_RETURN_TYPE = YES_ERROR;
				GCC_WARN_UNDECLARED_SELECTOR = YES;
				GCC_WARN_UNINITIALIZED_AUTOS = YES;
				GCC_WARN_UNUSED_FUNCTION = YES;
				GCC_WARN_UNUSED_VARIABLE = YES;
				IPHONEOS_DEPLOYMENT_TARGET = 7.0;
				ONLY_ACTIVE_ARCH = YES;
				SDKROOT = iphoneos;
			};
			name = Debug;
		};
		EB46C8221855F94400A935AA /* Release */ = {
			isa = XCBuildConfiguration;
			buildSettings = {
				ALWAYS_SEARCH_USER_PATHS = NO;
				ARCHS = "$(ARCHS_STANDARD_INCLUDING_64_BIT)";
				CLANG_CXX_LANGUAGE_STANDARD = "gnu++0x";
				CLANG_CXX_LIBRARY = "libc++";
				CLANG_ENABLE_MODULES = YES;
				CLANG_ENABLE_OBJC_ARC = YES;
				CLANG_WARN_BOOL_CONVERSION = YES;
				CLANG_WARN_CONSTANT_CONVERSION = YES;
				CLANG_WARN_DIRECT_OBJC_ISA_USAGE = YES_ERROR;
				CLANG_WARN_EMPTY_BODY = YES;
				CLANG_WARN_ENUM_CONVERSION = YES;
				CLANG_WARN_INT_CONVERSION = YES;
				CLANG_WARN_OBJC_ROOT_CLASS = YES_ERROR;
				CLANG_WARN__DUPLICATE_METHOD_MATCH = YES;
				"CODE_SIGN_IDENTITY[sdk=iphoneos*]" = "iPhone Developer";
				COPY_PHASE_STRIP = YES;
				ENABLE_NS_ASSERTIONS = NO;
				GCC_C_LANGUAGE_STANDARD = gnu99;
				GCC_WARN_64_TO_32_BIT_CONVERSION = YES;
				GCC_WARN_ABOUT_RETURN_TYPE = YES_ERROR;
				GCC_WARN_UNDECLARED_SELECTOR = YES;
				GCC_WARN_UNINITIALIZED_AUTOS = YES;
				GCC_WARN_UNUSED_FUNCTION = YES;
				GCC_WARN_UNUSED_VARIABLE = YES;
				IPHONEOS_DEPLOYMENT_TARGET = 7.0;
				SDKROOT = iphoneos;
				VALIDATE_PRODUCT = YES;
			};
			name = Release;
		};
		EB46C8241855F94400A935AA /* Debug */ = {
			isa = XCBuildConfiguration;
			buildSettings = {
				ASSETCATALOG_COMPILER_APPICON_NAME = AppIcon;
				ASSETCATALOG_COMPILER_LAUNCHIMAGE_NAME = LaunchImage;
				FRAMEWORK_SEARCH_PATHS = (
					"$(inherited)",
					/Users/attilacsala/Development/iOS_projects/iOS_CellDefence/CellDefence,
				);
				GCC_PRECOMPILE_PREFIX_HEADER = YES;
				GCC_PREFIX_HEADER = "CellDefence/CellDefence-Prefix.pch";
				INFOPLIST_FILE = "CellDefence/CellDefence-Info.plist";
				PRODUCT_NAME = "$(TARGET_NAME)";
				SPRITEKIT_TEXTURE_ATLAS_OUTPUT = YES;
				WRAPPER_EXTENSION = app;
			};
			name = Debug;
		};
		EB46C8251855F94400A935AA /* Release */ = {
			isa = XCBuildConfiguration;
			buildSettings = {
				ASSETCATALOG_COMPILER_APPICON_NAME = AppIcon;
				ASSETCATALOG_COMPILER_LAUNCHIMAGE_NAME = LaunchImage;
				FRAMEWORK_SEARCH_PATHS = (
					"$(inherited)",
					/Users/attilacsala/Development/iOS_projects/iOS_CellDefence/CellDefence,
				);
				GCC_PRECOMPILE_PREFIX_HEADER = YES;
				GCC_PREFIX_HEADER = "CellDefence/CellDefence-Prefix.pch";
				INFOPLIST_FILE = "CellDefence/CellDefence-Info.plist";
				PRODUCT_NAME = "$(TARGET_NAME)";
				SPRITEKIT_TEXTURE_ATLAS_OUTPUT = YES;
				WRAPPER_EXTENSION = app;
			};
			name = Release;
		};
		EB46C8271855F94400A935AA /* Debug */ = {
			isa = XCBuildConfiguration;
			buildSettings = {
				ARCHS = "$(ARCHS_STANDARD_INCLUDING_64_BIT)";
				BUNDLE_LOADER = "$(BUILT_PRODUCTS_DIR)/CellDefence.app/CellDefence";
				FRAMEWORK_SEARCH_PATHS = (
					"$(SDKROOT)/Developer/Library/Frameworks",
					"$(inherited)",
					"$(DEVELOPER_FRAMEWORKS_DIR)",
				);
				GCC_PRECOMPILE_PREFIX_HEADER = YES;
				GCC_PREFIX_HEADER = "CellDefence/CellDefence-Prefix.pch";
				GCC_PREPROCESSOR_DEFINITIONS = (
					"DEBUG=1",
					"$(inherited)",
				);
				INFOPLIST_FILE = "CellDefenceTests/CellDefenceTests-Info.plist";
				PRODUCT_NAME = "$(TARGET_NAME)";
				TEST_HOST = "$(BUNDLE_LOADER)";
				WRAPPER_EXTENSION = xctest;
			};
			name = Debug;
		};
		EB46C8281855F94400A935AA /* Release */ = {
			isa = XCBuildConfiguration;
			buildSettings = {
				ARCHS = "$(ARCHS_STANDARD_INCLUDING_64_BIT)";
				BUNDLE_LOADER = "$(BUILT_PRODUCTS_DIR)/CellDefence.app/CellDefence";
				FRAMEWORK_SEARCH_PATHS = (
					"$(SDKROOT)/Developer/Library/Frameworks",
					"$(inherited)",
					"$(DEVELOPER_FRAMEWORKS_DIR)",
				);
				GCC_PRECOMPILE_PREFIX_HEADER = YES;
				GCC_PREFIX_HEADER = "CellDefence/CellDefence-Prefix.pch";
				INFOPLIST_FILE = "CellDefenceTests/CellDefenceTests-Info.plist";
				PRODUCT_NAME = "$(TARGET_NAME)";
				TEST_HOST = "$(BUNDLE_LOADER)";
				WRAPPER_EXTENSION = xctest;
			};
			name = Release;
		};
/* End XCBuildConfiguration section */

/* Begin XCConfigurationList section */
		EB46C7E51855F94400A935AA /* Build configuration list for PBXProject "CellDefence" */ = {
			isa = XCConfigurationList;
			buildConfigurations = (
				EB46C8211855F94400A935AA /* Debug */,
				EB46C8221855F94400A935AA /* Release */,
			);
			defaultConfigurationIsVisible = 0;
			defaultConfigurationName = Release;
		};
		EB46C8231855F94400A935AA /* Build configuration list for PBXNativeTarget "CellDefence" */ = {
			isa = XCConfigurationList;
			buildConfigurations = (
				EB46C8241855F94400A935AA /* Debug */,
				EB46C8251855F94400A935AA /* Release */,
			);
			defaultConfigurationIsVisible = 0;
			defaultConfigurationName = Release;
		};
		EB46C8261855F94400A935AA /* Build configuration list for PBXNativeTarget "CellDefenceTests" */ = {
			isa = XCConfigurationList;
			buildConfigurations = (
				EB46C8271855F94400A935AA /* Debug */,
				EB46C8281855F94400A935AA /* Release */,
			);
			defaultConfigurationIsVisible = 0;
			defaultConfigurationName = Release;
		};
/* End XCConfigurationList section */
	};
	rootObject = EB46C7E21855F94400A935AA /* Project object */;
}
